
Microsoft Visual Studio Solution File, Format Version 12.00
# Visual Studio Version 17
VisualStudioVersion = 17.3.32825.248
MinimumVisualStudioVersion = 10.0.40219.1
Project("{9A19103F-16F7-4668-BE54-9A1E7A4F7556}") = "FlightControl.Simulator", "PlaneCreate\FlightControl.Simulator.csproj", "{5EEB4E86-1687-45E1-9980-582577569D1E}"
EndProject
Project("{9A19103F-16F7-4668-BE54-9A1E7A4F7556}") = "FlightControl.Servies", "FlightControl.Servies\FlightControl.Servies.csproj", "{6A473DDF-6058-410D-9B13-B0AFC6CA489D}"
EndProject
Project("{9A19103F-16F7-4668-BE54-9A1E7A4F7556}") = "WebApplication1", "WebApplication1\WebApplication1.csproj", "{C61C764A-FD3C-4F1F-8298-542B5A1E2CBD}"
EndProject
Project("{9A19103F-16F7-4668-BE54-9A1E7A4F7556}") = "FlightControl.Models", "FlightControl.Models\FlightControl.Models.csproj", "{2CD93114-30F0-4514-AA39-683495829073}"
EndProject
Project("{FAE04EC0-301F-11D3-BF4B-00C04F79EFBC}") = "PlaneControl.Logic", "PlaneControl.Logic\PlaneControl.Logic.csproj", "{56A186AD-E366-4E95-B3AE-47E0F3C6B350}"
EndProject
Global
	GlobalSection(SolutionConfigurationPlatforms) = preSolution
		Debug|Any CPU = Debug|Any CPU
		Release|Any CPU = Release|Any CPU
	EndGlobalSection
	GlobalSection(ProjectConfigurationPlatforms) = postSolution
		{5EEB4E86-1687-45E1-9980-582577569D1E}.Debug|Any CPU.ActiveCfg = Debug|Any CPU
		{5EEB4E86-1687-45E1-9980-582577569D1E}.Debug|Any CPU.Build.0 = Debug|Any CPU
		{5EEB4E86-1687-45E1-9980-582577569D1E}.Release|Any CPU.ActiveCfg = Release|Any CPU
		{5EEB4E86-1687-45E1-9980-582577569D1E}.Release|Any CPU.Build.0 = Release|Any CPU
		{6A473DDF-6058-410D-9B13-B0AFC6CA489D}.Debug|Any CPU.ActiveCfg = Debug|Any CPU
		{6A473DDF-6058-410D-9B13-B0AFC6CA489D}.Debug|Any CPU.Build.0 = Debug|Any CPU
		{6A473DDF-6058-410D-9B13-B0AFC6CA489D}.Release|Any CPU.ActiveCfg = Release|Any CPU
		{6A473DDF-6058-410D-9B13-B0AFC6CA489D}.Release|Any CPU.Build.0 = Release|Any CPU
		{C61C764A-FD3C-4F1F-8298-542B5A1E2CBD}.Debug|Any CPU.ActiveCfg = Debug|Any CPU
		{C61C764A-FD3C-4F1F-8298-542B5A1E2CBD}.Debug|Any CPU.Build.0 = Debug|Any CPU
		{C61C764A-FD3C-4F1F-8298-542B5A1E2CBD}.Release|Any CPU.ActiveCfg = Release|Any CPU
		{C61C764A-FD3C-4F1F-8298-542B5A1E2CBD}.Release|Any CPU.Build.0 = Release|Any CPU
		{2CD93114-30F0-4514-AA39-683495829073}.Debug|Any CPU.ActiveCfg = Debug|Any CPU
		{2CD93114-30F0-4514-AA39-683495829073}.Debug|Any CPU.Build.0 = Debug|Any CPU
		{2CD93114-30F0-4514-AA39-683495829073}.Release|Any CPU.ActiveCfg = Release|Any CPU
		{2CD93114-30F0-4514-AA39-683495829073}.Release|Any CPU.Build.0 = Release|Any CPU
		{56A186AD-E366-4E95-B3AE-47E0F3C6B350}.Debug|Any CPU.ActiveCfg = Debug|Any CPU
		{56A186AD-E366-4E95-B3AE-47E0F3C6B350}.Debug|Any CPU.Build.0 = Debug|Any CPU
		{56A186AD-E366-4E95-B3AE-47E0F3C6B350}.Release|Any CPU.ActiveCfg = Release|Any CPU
		{56A186AD-E366-4E95-B3AE-47E0F3C6B350}.Release|Any CPU.Build.0 = Release|Any CPU
	EndGlobalSection
	GlobalSection(SolutionProperties) = preSolution
		HideSolutionNode = FALSE
	EndGlobalSection
	GlobalSection(ExtensibilityGlobals) = postSolution
		SolutionGuid = {E69250CA-7BDF-4AB0-865B-429C3111AFB8}
	EndGlobalSection
EndGlobal
